
Microsoft Visual Studio Solution File, Format Version 12.00
# Visual Studio Version 17
VisualStudioVersion = 17.5.33530.505
MinimumVisualStudioVersion = 10.0.40219.1
Project("{FAE04EC0-301F-11D3-BF4B-00C04F79EFBC}") = "JoeGregory.Server", "JoeGregory\Server\JoeGregory.Server.csproj", "{AABD188D-3CAC-41DC-8454-C715C6C40705}"
EndProject
Project("{FAE04EC0-301F-11D3-BF4B-00C04F79EFBC}") = "JoeGregory.Client", "JoeGregory\Client\JoeGregory.Client.csproj", "{B50B13CB-21FF-424C-A1C5-B1159698F0D2}"
EndProject
Project("{FAE04EC0-301F-11D3-BF4B-00C04F79EFBC}") = "JoeGregory.Shared", "JoeGregory\Shared\JoeGregory.Shared.csproj", "{3F399C6B-FB02-49E9-8241-F3EAF9002222}"
EndProject
Global
	GlobalSection(SolutionConfigurationPlatforms) = preSolution
		Debug|Any CPU = Debug|Any CPU
		Release|Any CPU = Release|Any CPU
	EndGlobalSection
	GlobalSection(ProjectConfigurationPlatforms) = postSolution
		{AABD188D-3CAC-41DC-8454-C715C6C40705}.Debug|Any CPU.ActiveCfg = Debug|Any CPU
		{AABD188D-3CAC-41DC-8454-C715C6C40705}.Debug|Any CPU.Build.0 = Debug|Any CPU
		{AABD188D-3CAC-41DC-8454-C715C6C40705}.Release|Any CPU.ActiveCfg = Release|Any CPU
		{AABD188D-3CAC-41DC-8454-C715C6C40705}.Release|Any CPU.Build.0 = Release|Any CPU
		{B50B13CB-21FF-424C-A1C5-B1159698F0D2}.Debug|Any CPU.ActiveCfg = Debug|Any CPU
		{B50B13CB-21FF-424C-A1C5-B1159698F0D2}.Debug|Any CPU.Build.0 = Debug|Any CPU
		{B50B13CB-21FF-424C-A1C5-B1159698F0D2}.Release|Any CPU.ActiveCfg = Release|Any CPU
		{B50B13CB-21FF-424C-A1C5-B1159698F0D2}.Release|Any CPU.Build.0 = Release|Any CPU
		{3F399C6B-FB02-49E9-8241-F3EAF9002222}.Debug|Any CPU.ActiveCfg = Debug|Any CPU
		{3F399C6B-FB02-49E9-8241-F3EAF9002222}.Debug|Any CPU.Build.0 = Debug|Any CPU
		{3F399C6B-FB02-49E9-8241-F3EAF9002222}.Release|Any CPU.ActiveCfg = Release|Any CPU
		{3F399C6B-FB02-49E9-8241-F3EAF9002222}.Release|Any CPU.Build.0 = Release|Any CPU
	EndGlobalSection
	GlobalSection(SolutionProperties) = preSolution
		HideSolutionNode = FALSE
	EndGlobalSection
	GlobalSection(ExtensibilityGlobals) = postSolution
		SolutionGuid = {28D36A44-B3D8-4287-9EC9-ECA0E4622199}
	EndGlobalSection
EndGlobal
